
Microsoft Visual Studio Solution File, Format Version 12.00
# Visual Studio Version 17
VisualStudioVersion = 17.3.32825.248
MinimumVisualStudioVersion = 10.0.40219.1
Project("{FAE04EC0-301F-11D3-BF4B-00C04F79EFBC}") = "iSintu_Bookings", "iSintu_Bookings.csproj", "{FDFA17C8-22AC-455B-9DF6-1E554CFC99DC}"
EndProject
Global
	GlobalSection(SolutionConfigurationPlatforms) = preSolution
		Debug|Any CPU = Debug|Any CPU
		Release|Any CPU = Release|Any CPU
	EndGlobalSection
	GlobalSection(ProjectConfigurationPlatforms) = postSolution
		{FDFA17C8-22AC-455B-9DF6-1E554CFC99DC}.Debug|Any CPU.ActiveCfg = Debug|Any CPU
		{FDFA17C8-22AC-455B-9DF6-1E554CFC99DC}.Debug|Any CPU.Build.0 = Debug|Any CPU
		{FDFA17C8-22AC-455B-9DF6-1E554CFC99DC}.Release|Any CPU.ActiveCfg = Release|Any CPU
		{FDFA17C8-22AC-455B-9DF6-1E554CFC99DC}.Release|Any CPU.Build.0 = Release|Any CPU
	EndGlobalSection
	GlobalSection(SolutionProperties) = preSolution
		HideSolutionNode = FALSE
	EndGlobalSection
	GlobalSection(ExtensibilityGlobals) = postSolution
		SolutionGuid = {0640ADC7-B644-4245-9180-CB5EE3F1D281}
	EndGlobalSection
EndGlobal
